
Microsoft Visual Studio Solution File, Format Version 12.00
# Visual Studio Version 16
VisualStudioVersion = 16.0.30523.141
MinimumVisualStudioVersion = 10.0.40219.1
Project("{FAE04EC0-301F-11D3-BF4B-00C04F79EFBC}") = "Gorev.Models", "Gorev.Models\Gorev.Models.csproj", "{DF4E86D1-302A-452B-8386-A843B33AD452}"
EndProject
Project("{FAE04EC0-301F-11D3-BF4B-00C04F79EFBC}") = "Gorev.DAL", "Gorev.DAL\Gorev.DAL.csproj", "{5E68D663-140E-4F67-86F0-D945DCEB1956}"
EndProject
Project("{FAE04EC0-301F-11D3-BF4B-00C04F79EFBC}") = "Gorev.Services", "Gorev.Services\Gorev.Services.csproj", "{90088B35-8184-4A78-8C0D-E2412DE5D0C7}"
EndProject
Project("{FAE04EC0-301F-11D3-BF4B-00C04F79EFBC}") = "Gorev.WebMvcUI", "Gorev.WebMvcUI\Gorev.WebMvcUI.csproj", "{5218743C-96B4-4581-B32E-291D6BC315A8}"
EndProject
Global
	GlobalSection(SolutionConfigurationPlatforms) = preSolution
		Debug|Any CPU = Debug|Any CPU
		Release|Any CPU = Release|Any CPU
	EndGlobalSection
	GlobalSection(ProjectConfigurationPlatforms) = postSolution
		{DF4E86D1-302A-452B-8386-A843B33AD452}.Debug|Any CPU.ActiveCfg = Debug|Any CPU
		{DF4E86D1-302A-452B-8386-A843B33AD452}.Debug|Any CPU.Build.0 = Debug|Any CPU
		{DF4E86D1-302A-452B-8386-A843B33AD452}.Release|Any CPU.ActiveCfg = Release|Any CPU
		{DF4E86D1-302A-452B-8386-A843B33AD452}.Release|Any CPU.Build.0 = Release|Any CPU
		{5E68D663-140E-4F67-86F0-D945DCEB1956}.Debug|Any CPU.ActiveCfg = Debug|Any CPU
		{5E68D663-140E-4F67-86F0-D945DCEB1956}.Debug|Any CPU.Build.0 = Debug|Any CPU
		{5E68D663-140E-4F67-86F0-D945DCEB1956}.Release|Any CPU.ActiveCfg = Release|Any CPU
		{5E68D663-140E-4F67-86F0-D945DCEB1956}.Release|Any CPU.Build.0 = Release|Any CPU
		{90088B35-8184-4A78-8C0D-E2412DE5D0C7}.Debug|Any CPU.ActiveCfg = Debug|Any CPU
		{90088B35-8184-4A78-8C0D-E2412DE5D0C7}.Debug|Any CPU.Build.0 = Debug|Any CPU
		{90088B35-8184-4A78-8C0D-E2412DE5D0C7}.Release|Any CPU.ActiveCfg = Release|Any CPU
		{90088B35-8184-4A78-8C0D-E2412DE5D0C7}.Release|Any CPU.Build.0 = Release|Any CPU
		{5218743C-96B4-4581-B32E-291D6BC315A8}.Debug|Any CPU.ActiveCfg = Debug|Any CPU
		{5218743C-96B4-4581-B32E-291D6BC315A8}.Debug|Any CPU.Build.0 = Debug|Any CPU
		{5218743C-96B4-4581-B32E-291D6BC315A8}.Release|Any CPU.ActiveCfg = Release|Any CPU
		{5218743C-96B4-4581-B32E-291D6BC315A8}.Release|Any CPU.Build.0 = Release|Any CPU
	EndGlobalSection
	GlobalSection(SolutionProperties) = preSolution
		HideSolutionNode = FALSE
	EndGlobalSection
	GlobalSection(ExtensibilityGlobals) = postSolution
		SolutionGuid = {9CF6874A-BD33-4538-9067-276775C2423F}
	EndGlobalSection
EndGlobal
